
Microsoft Visual Studio Solution File, Format Version 12.00
# Visual Studio Version 16
VisualStudioVersion = 16.0.30611.23
MinimumVisualStudioVersion = 10.0.40219.1
Project("{FAE04EC0-301F-11D3-BF4B-00C04F79EFBC}") = "Homework PoP lesson4", "Homework PoP lesson4\Homework PoP lesson4.csproj", "{C7070519-3BFD-4F0E-B17B-819DF52884C3}"
EndProject
Global
	GlobalSection(SolutionConfigurationPlatforms) = preSolution
		Debug|Any CPU = Debug|Any CPU
		Release|Any CPU = Release|Any CPU
	EndGlobalSection
	GlobalSection(ProjectConfigurationPlatforms) = postSolution
		{C7070519-3BFD-4F0E-B17B-819DF52884C3}.Debug|Any CPU.ActiveCfg = Debug|Any CPU
		{C7070519-3BFD-4F0E-B17B-819DF52884C3}.Debug|Any CPU.Build.0 = Debug|Any CPU
		{C7070519-3BFD-4F0E-B17B-819DF52884C3}.Release|Any CPU.ActiveCfg = Release|Any CPU
		{C7070519-3BFD-4F0E-B17B-819DF52884C3}.Release|Any CPU.Build.0 = Release|Any CPU
	EndGlobalSection
	GlobalSection(SolutionProperties) = preSolution
		HideSolutionNode = FALSE
	EndGlobalSection
	GlobalSection(ExtensibilityGlobals) = postSolution
		SolutionGuid = {77FCB9EC-7719-405F-A46C-24D88FBE7DE8}
	EndGlobalSection
EndGlobal
